<?xml version="1.0" encoding="utf-8"?>
<Project ToolsVersion="4.0" xmlns="http://schemas.microsoft.com/developer/msbuild/2003">
  <ItemGroup>
    <Filter Include="Source Files">
      <UniqueIdentifier>{4FC737F1-C7A5-4376-A066-2A32D752A2FF}</UniqueIdentifier>
      <Extensions>cpp;c;cc;cxx;c++;cppm;ixx;def;odl;idl;hpj;bat;asm;asmx</Extensions>
    </Filter>
    <Filter Include="Header Files">
      <UniqueIdentifier>{93995380-89BD-4b04-88EB-625FBE52EBFB}</UniqueIdentifier>
      <Extensions>h;hh;hpp;hxx;h++;hm;inl;inc;ipp;xsd</Extensions>
    </Filter>
    <Filter Include="Resource Files">
      <UniqueIdentifier>{67DA6AB6-F800-4c08-8B7A-83BB121AAD01}</UniqueIdentifier>
      <Extensions>rc;ico;cur;bmp;dlg;rc2;rct;bin;rgs;gif;jpg;jpeg;jpe;resx;tiff;tif;png;wav;mfcribbon-ms</Extensions>
    </Filter>
    <Filter Include="Source Files\SLL">
      <UniqueIdentifier>{ba742564-e1e1-4db0-ac35-65cc8ae3452e}</UniqueIdentifier>
    </Filter>
    <Filter Include="Header Files\SLL">
      <UniqueIdentifier>{f7854271-5b7b-43d2-b69a-8a5d88ae858c}</UniqueIdentifier>
    </Filter>
    <Filter Include="Source Files\Base">
      <UniqueIdentifier>{2abf2110-0201-4fd8-83ba-9035e1a11a82}</UniqueIdentifier>
    </Filter>
    <Filter Include="Header Files\ShortestPath">
      <UniqueIdentifier>{1176d2cc-00a8-47c1-90a7-977758fd8c0c}</UniqueIdentifier>
    </Filter>
    <Filter Include="Header Files\HashTable">
      <UniqueIdentifier>{327c4a71-413f-445c-a35d-20bf3f30ba67}</UniqueIdentifier>
    </Filter>
    <Filter Include="Source Files\AVL">
      <UniqueIdentifier>{5a1198df-ebea-464c-bd37-27501a2d409f}</UniqueIdentifier>
    </Filter>
    <Filter Include="Source Files\HashTable">
      <UniqueIdentifier>{f850dd20-6143-4951-90e5-3fc7d5c82b92}</UniqueIdentifier>
    </Filter>
    <Filter Include="Source Files\ShortestPath">
      <UniqueIdentifier>{6c380d81-f439-49d9-8e20-af56d4345a53}</UniqueIdentifier>
    </Filter>
    <Filter Include="Header Files\Menu Screen">
      <UniqueIdentifier>{fa1eb1e7-d9bc-4896-9ed4-f1d52f531cb4}</UniqueIdentifier>
    </Filter>
    <Filter Include="Source Files\Menu Screen">
      <UniqueIdentifier>{49a8bd19-5c18-4cd6-bf5c-6297a9fef266}</UniqueIdentifier>
    </Filter>
    <Filter Include="Header Files\AVLTree">
      <UniqueIdentifier>{b2c6da51-0fb1-44a1-b752-ba144e049d0c}</UniqueIdentifier>
    </Filter>
    <Filter Include="Header Files\Base">
      <UniqueIdentifier>{d8413d83-8410-45b0-8a43-ead503df5b6a}</UniqueIdentifier>
    </Filter>
  </ItemGroup>
  <ItemGroup>
    <ClCompile Include="SLL.cpp">
      <Filter>Source Files\SLL</Filter>
    </ClCompile>
    <ClCompile Include="GUIState.cpp">
      <Filter>Source Files\Base</Filter>
    </ClCompile>
    <ClCompile Include="main.cpp">
      <Filter>Source Files</Filter>
    </ClCompile>
    <ClCompile Include="GUIObject.cpp">
      <Filter>Source Files\Base</Filter>
    </ClCompile>
    <ClCompile Include="GUIAnimatingObject.cpp">
      <Filter>Source Files\Base</Filter>
    </ClCompile>
    <ClCompile Include="TextBox.cpp">
      <Filter>Source Files\Base</Filter>
    </ClCompile>
    <ClCompile Include="GUIText.cpp">
      <Filter>Source Files\Base</Filter>
    </ClCompile>
    <ClCompile Include="GUIAnimatingObject.h">
      <Filter>Header Files\Base</Filter>
    </ClCompile>
    <ClCompile Include="ListNode.h">
      <Filter>Header Files\SLL</Filter>
    </ClCompile>
    <ClCompile Include="ListNode.cpp">
      <Filter>Source Files\SLL</Filter>
    </ClCompile>
    <ClCompile Include="AVLScreen.h">
      <Filter>Header Files\AVLTree</Filter>
    </ClCompile>
    <ClCompile Include="Application.cpp">
      <Filter>Source Files</Filter>
    </ClCompile>
    <ClCompile Include="AVLScreen.cpp">
      <Filter>Source Files\AVL</Filter>
    </ClCompile>
    <ClCompile Include="HashTableScreen.cpp">
      <Filter>Source Files\HashTable</Filter>
    </ClCompile>
    <ClCompile Include="ShortestPathScreen.cpp">
      <Filter>Source Files\ShortestPath</Filter>
    </ClCompile>
    <ClCompile Include="Menu Screen.cpp">
      <Filter>Source Files\Menu Screen</Filter>
    </ClCompile>
    <ClCompile Include="ControllerBoard.cpp">
      <Filter>Source Files\Base</Filter>
    </ClCompile>
    <ClCompile Include="Pointer.cpp">
      <Filter>Source Files\Base</Filter>
    </ClCompile>
    <ClCompile Include="Button.cpp">
      <Filter>Source Files\Base</Filter>
    </ClCompile>
    <ClCompile Include="Motion.cpp">
      <Filter>Source Files\Base</Filter>
    </ClCompile>
    <ClCompile Include="ShPController.cpp">
      <Filter>Source Files\ShortestPath</Filter>
    </ClCompile>
    <ClCompile Include="ShPNode.cpp">
      <Filter>Source Files\ShortestPath</Filter>
    </ClCompile>
    <ClCompile Include="ShPPointer.cpp">
      <Filter>Source Files\ShortestPath</Filter>
    </ClCompile>
    <ClCompile Include="ShortestPath.cpp">
      <Filter>Source Files\ShortestPath</Filter>
    </ClCompile>
    <ClCompile Include="ShPTextBox.cpp">
      <Filter>Source Files\ShortestPath</Filter>
    </ClCompile>
  </ItemGroup>
  <ItemGroup>
    <ClInclude Include="SLLScreen.h">
      <Filter>Header Files\SLL</Filter>
    </ClInclude>
    <ClInclude Include="GUIState.h">
      <Filter>Header Files\Base</Filter>
    </ClInclude>
    <ClInclude Include="GUIText.h">
      <Filter>Header Files\Base</Filter>
    </ClInclude>
    <ClInclude Include="GUIObject.h">
      <Filter>Header Files\Base</Filter>
    </ClInclude>
    <ClInclude Include="TextBox.h">
      <Filter>Header Files\Base</Filter>
    </ClInclude>
    <ClInclude Include="SLL.h">
      <Filter>Header Files\SLL</Filter>
    </ClInclude>
    <ClInclude Include="Font.h">
      <Filter>Header Files\Base</Filter>
    </ClInclude>
    <ClInclude Include="Button.h">
      <Filter>Header Files\Base</Filter>
    </ClInclude>
    <ClInclude Include="ShortestPathScreen.h">
      <Filter>Header Files\ShortestPath</Filter>
    </ClInclude>
    <ClInclude Include="HashTableScreen.h">
      <Filter>Header Files\HashTable</Filter>
    </ClInclude>
    <ClInclude Include="Application.h">
      <Filter>Header Files</Filter>
    </ClInclude>
    <ClInclude Include="Menu Screen.h">
      <Filter>Header Files\Menu Screen</Filter>
    </ClInclude>
    <ClInclude Include="ControllerBoard.h">
      <Filter>Header Files\Base</Filter>
    </ClInclude>
    <ClInclude Include="Setting.h">
      <Filter>Header Files\Base</Filter>
    </ClInclude>
    <ClInclude Include="Motion.h">
      <Filter>Header Files</Filter>
    </ClInclude>
    <ClInclude Include="Pointer.h">
      <Filter>Header Files\Base</Filter>
    </ClInclude>
    <ClInclude Include="ShPController.h">
      <Filter>Header Files\ShortestPath</Filter>
    </ClInclude>
    <ClInclude Include="ShPNode.h">
      <Filter>Header Files\ShortestPath</Filter>
    </ClInclude>
    <ClInclude Include="ShPPointer.h">
      <Filter>Header Files\ShortestPath</Filter>
    </ClInclude>
    <ClInclude Include="ShortestPath.h">
      <Filter>Header Files\ShortestPath</Filter>
    </ClInclude>
    <ClInclude Include="ShPTextBox.h">
      <Filter>Header Files\ShortestPath</Filter>
    </ClInclude>
  </ItemGroup>
  <ItemGroup>
    <Font Include="..\include\arial.ttf">
      <Filter>Resource Files</Filter>
    </Font>
  </ItemGroup>
</Project>